Microsoft Visual Studio Solution File, Format Version 12.00
# Visual Studio Version 17
VisualStudioVersion = 17.5.2.0
MinimumVisualStudioVersion = 10.0.40219.1
Project("{FAE04EC0-301F-11D3-BF4B-00C04F79EFBC}") = "Nueva_tiendaDonPEPE", "Nueva_tiendaDonPEPE.csproj", "{74F7F252-1F63-693D-D4EA-E8A439D7E619}"
EndProject
Project("{FAE04EC0-301F-11D3-BF4B-00C04F79EFBC}") = "TiendaDonPepe", "TiendaDonPepe\TiendaDonPepe.csproj", "{39DE2B04-93E1-EAB5-13DD-E5261C916884}"
EndProject
Global
	GlobalSection(SolutionConfigurationPlatforms) = preSolution
		Debug|Any CPU = Debug|Any CPU
		Release|Any CPU = Release|Any CPU
	EndGlobalSection
	GlobalSection(ProjectConfigurationPlatforms) = postSolution
		{74F7F252-1F63-693D-D4EA-E8A439D7E619}.Debug|Any CPU.ActiveCfg = Debug|Any CPU
		{74F7F252-1F63-693D-D4EA-E8A439D7E619}.Debug|Any CPU.Build.0 = Debug|Any CPU
		{74F7F252-1F63-693D-D4EA-E8A439D7E619}.Release|Any CPU.ActiveCfg = Release|Any CPU
		{74F7F252-1F63-693D-D4EA-E8A439D7E619}.Release|Any CPU.Build.0 = Release|Any CPU
		{39DE2B04-93E1-EAB5-13DD-E5261C916884}.Debug|Any CPU.ActiveCfg = Debug|Any CPU
		{39DE2B04-93E1-EAB5-13DD-E5261C916884}.Debug|Any CPU.Build.0 = Debug|Any CPU
		{39DE2B04-93E1-EAB5-13DD-E5261C916884}.Release|Any CPU.ActiveCfg = Release|Any CPU
		{39DE2B04-93E1-EAB5-13DD-E5261C916884}.Release|Any CPU.Build.0 = Release|Any CPU
	EndGlobalSection
	GlobalSection(SolutionProperties) = preSolution
		HideSolutionNode = FALSE
	EndGlobalSection
	GlobalSection(ExtensibilityGlobals) = postSolution
		SolutionGuid = {5FF44970-4BF4-44D3-870E-1EB1CFA35410}
	EndGlobalSection
EndGlobal
